
Microsoft Visual Studio Solution File, Format Version 12.00
# Visual Studio Version 17
VisualStudioVersion = 17.3.32825.248
MinimumVisualStudioVersion = 10.0.40219.1
Project("{FAE04EC0-301F-11D3-BF4B-00C04F79EFBC}") = "lab9", "lab9\lab9.csproj", "{D3D4A96A-5770-40F9-A47C-6B090E31D06D}"
EndProject
Project("{FAE04EC0-301F-11D3-BF4B-00C04F79EFBC}") = "Test", "Test\Test.csproj", "{B38F3171-D2D4-46EE-8B3E-30650D005C69}"
EndProject
Global
	GlobalSection(SolutionConfigurationPlatforms) = preSolution
		Debug|Any CPU = Debug|Any CPU
		Release|Any CPU = Release|Any CPU
	EndGlobalSection
	GlobalSection(ProjectConfigurationPlatforms) = postSolution
		{D3D4A96A-5770-40F9-A47C-6B090E31D06D}.Debug|Any CPU.ActiveCfg = Debug|Any CPU
		{D3D4A96A-5770-40F9-A47C-6B090E31D06D}.Debug|Any CPU.Build.0 = Debug|Any CPU
		{D3D4A96A-5770-40F9-A47C-6B090E31D06D}.Release|Any CPU.ActiveCfg = Release|Any CPU
		{D3D4A96A-5770-40F9-A47C-6B090E31D06D}.Release|Any CPU.Build.0 = Release|Any CPU
		{B38F3171-D2D4-46EE-8B3E-30650D005C69}.Debug|Any CPU.ActiveCfg = Debug|Any CPU
		{B38F3171-D2D4-46EE-8B3E-30650D005C69}.Debug|Any CPU.Build.0 = Debug|Any CPU
		{B38F3171-D2D4-46EE-8B3E-30650D005C69}.Release|Any CPU.ActiveCfg = Release|Any CPU
		{B38F3171-D2D4-46EE-8B3E-30650D005C69}.Release|Any CPU.Build.0 = Release|Any CPU
	EndGlobalSection
	GlobalSection(SolutionProperties) = preSolution
		HideSolutionNode = FALSE
	EndGlobalSection
	GlobalSection(ExtensibilityGlobals) = postSolution
		SolutionGuid = {6AE2025B-A22E-46AC-B3D8-E2297E763DB7}
	EndGlobalSection
EndGlobal
